// !$*UTF8*$!
{
	archiveVersion = 1;
	classes = {
	};
	objectVersion = 48;
	objects = {

/* Begin PBXBuildFile section */
		74A2812DC688F698299E1D4E /* Pods_FIFA2018.framework in Frameworks */ = {isa = PBXBuildFile; fileRef = 7D68598C6D383D651AD9AF8D /* Pods_FIFA2018.framework */; };
		A75E452020820971006D1E89 /* Recheability.swift in Sources */ = {isa = PBXBuildFile; fileRef = A75E451F20820971006D1E89 /* Recheability.swift */; };
		A75E45232082183F006D1E89 /* ChatRoom.swift in Sources */ = {isa = PBXBuildFile; fileRef = A75E45212082183E006D1E89 /* ChatRoom.swift */; };
		A75E45242082183F006D1E89 /* LocalChatPeer.swift in Sources */ = {isa = PBXBuildFile; fileRef = A75E45222082183F006D1E89 /* LocalChatPeer.swift */; };
		A75E452620822466006D1E89 /* LoadVC.swift in Sources */ = {isa = PBXBuildFile; fileRef = A75E452520822466006D1E89 /* LoadVC.swift */; };
		A75E4528208225EA006D1E89 /* PickerVC.swift in Sources */ = {isa = PBXBuildFile; fileRef = A75E4527208225EA006D1E89 /* PickerVC.swift */; };
		A75E452A2082262E006D1E89 /* CountryCell.swift in Sources */ = {isa = PBXBuildFile; fileRef = A75E45292082262E006D1E89 /* CountryCell.swift */; };
		A75E452C208226EF006D1E89 /* UserCache.swift in Sources */ = {isa = PBXBuildFile; fileRef = A75E452B208226EF006D1E89 /* UserCache.swift */; };
		A75E452E20822ED7006D1E89 /* StatisticVC.swift in Sources */ = {isa = PBXBuildFile; fileRef = A75E452D20822ED7006D1E89 /* StatisticVC.swift */; };
		A75E453020822F9E006D1E89 /* ChatVC.swift in Sources */ = {isa = PBXBuildFile; fileRef = A75E452F20822F9E006D1E89 /* ChatVC.swift */; };
		A75E453220823591006D1E89 /* ChatCell.swift in Sources */ = {isa = PBXBuildFile; fileRef = A75E453120823591006D1E89 /* ChatCell.swift */; };
		A75E453420823799006D1E89 /* AlertMessage.swift in Sources */ = {isa = PBXBuildFile; fileRef = A75E453320823799006D1E89 /* AlertMessage.swift */; };
		A75E453620823E8F006D1E89 /* Migration.swift in Sources */ = {isa = PBXBuildFile; fileRef = A75E453520823E8E006D1E89 /* Migration.swift */; };
		A75E4538208249B2006D1E89 /* MultipeerManager.swift in Sources */ = {isa = PBXBuildFile; fileRef = A75E4537208249B2006D1E89 /* MultipeerManager.swift */; };
		A75E453A20824E5D006D1E89 /* MessageModel.swift in Sources */ = {isa = PBXBuildFile; fileRef = A75E453920824E5D006D1E89 /* MessageModel.swift */; };
		A75E453C2082AB31006D1E89 /* MatchModel.swift in Sources */ = {isa = PBXBuildFile; fileRef = A75E453B2082AB31006D1E89 /* MatchModel.swift */; };
		A75E453E2082C0A7006D1E89 /* ClusterModel.swift in Sources */ = {isa = PBXBuildFile; fileRef = A75E453D2082C0A7006D1E89 /* ClusterModel.swift */; };
		A75E45402082C35E006D1E89 /* MetroModel.swift in Sources */ = {isa = PBXBuildFile; fileRef = A75E453F2082C35E006D1E89 /* MetroModel.swift */; };
		A7D02203208134B0007BE872 /* AppDelegate.swift in Sources */ = {isa = PBXBuildFile; fileRef = A7D02202208134B0007BE872 /* AppDelegate.swift */; };
		A7D02205208134B0007BE872 /* SOSVC.swift in Sources */ = {isa = PBXBuildFile; fileRef = A7D02204208134B0007BE872 /* SOSVC.swift */; };
		A7D02208208134B0007BE872 /* Main.storyboard in Resources */ = {isa = PBXBuildFile; fileRef = A7D02206208134B0007BE872 /* Main.storyboard */; };
		A7D0220A208134B0007BE872 /* Assets.xcassets in Resources */ = {isa = PBXBuildFile; fileRef = A7D02209208134B0007BE872 /* Assets.xcassets */; };
		A7D0220D208134B0007BE872 /* LaunchScreen.storyboard in Resources */ = {isa = PBXBuildFile; fileRef = A7D0220B208134B0007BE872 /* LaunchScreen.storyboard */; };
		A7D02216208137AD007BE872 /* AVFoundation.framework in Frameworks */ = {isa = PBXBuildFile; fileRef = A7D02215208137AD007BE872 /* AVFoundation.framework */; };
		A7D0221820813D27007BE872 /* CoreLocation.framework in Frameworks */ = {isa = PBXBuildFile; fileRef = A7D0221720813D27007BE872 /* CoreLocation.framework */; };
		A7D0221A20813D93007BE872 /* MapVC.swift in Sources */ = {isa = PBXBuildFile; fileRef = A7D0221920813D93007BE872 /* MapVC.swift */; };
		A7D0221C20814337007BE872 /* CameraController.swift in Sources */ = {isa = PBXBuildFile; fileRef = A7D0221B20814337007BE872 /* CameraController.swift */; };
		A7E88BA72081DB240044A24B /* GeoLocation.swift in Sources */ = {isa = PBXBuildFile; fileRef = A7E88BA62081DB240044A24B /* GeoLocation.swift */; };
		A7E88BAA2081EA1B0044A24B /* SelectSectorVC.swift in Sources */ = {isa = PBXBuildFile; fileRef = A7E88BA92081EA1B0044A24B /* SelectSectorVC.swift */; };
/* End PBXBuildFile section */

/* Begin PBXFileReference section */
		1D7CB7DE71562436D0B2874A /* Pods-FIFA2018.release.xcconfig */ = {isa = PBXFileReference; includeInIndex = 1; lastKnownFileType = text.xcconfig; name = "Pods-FIFA2018.release.xcconfig"; path = "Pods/Target Support Files/Pods-FIFA2018/Pods-FIFA2018.release.xcconfig"; sourceTree = "<group>"; };
		7D68598C6D383D651AD9AF8D /* Pods_FIFA2018.framework */ = {isa = PBXFileReference; explicitFileType = wrapper.framework; includeInIndex = 0; path = Pods_FIFA2018.framework; sourceTree = BUILT_PRODUCTS_DIR; };
		A75E451F20820971006D1E89 /* Recheability.swift */ = {isa = PBXFileReference; lastKnownFileType = sourcecode.swift; path = Recheability.swift; sourceTree = "<group>"; };
		A75E45212082183E006D1E89 /* ChatRoom.swift */ = {isa = PBXFileReference; fileEncoding = 4; lastKnownFileType = sourcecode.swift; path = ChatRoom.swift; sourceTree = "<group>"; };
		A75E45222082183F006D1E89 /* LocalChatPeer.swift */ = {isa = PBXFileReference; fileEncoding = 4; lastKnownFileType = sourcecode.swift; path = LocalChatPeer.swift; sourceTree = "<group>"; };
		A75E452520822466006D1E89 /* LoadVC.swift */ = {isa = PBXFileReference; lastKnownFileType = sourcecode.swift; path = LoadVC.swift; sourceTree = "<group>"; };
		A75E4527208225EA006D1E89 /* PickerVC.swift */ = {isa = PBXFileReference; lastKnownFileType = sourcecode.swift; path = PickerVC.swift; sourceTree = "<group>"; };
		A75E45292082262E006D1E89 /* CountryCell.swift */ = {isa = PBXFileReference; lastKnownFileType = sourcecode.swift; path = CountryCell.swift; sourceTree = "<group>"; };
		A75E452B208226EF006D1E89 /* UserCache.swift */ = {isa = PBXFileReference; lastKnownFileType = sourcecode.swift; path = UserCache.swift; sourceTree = "<group>"; };
		A75E452D20822ED7006D1E89 /* StatisticVC.swift */ = {isa = PBXFileReference; lastKnownFileType = sourcecode.swift; path = StatisticVC.swift; sourceTree = "<group>"; };
		A75E452F20822F9E006D1E89 /* ChatVC.swift */ = {isa = PBXFileReference; lastKnownFileType = sourcecode.swift; path = ChatVC.swift; sourceTree = "<group>"; };
		A75E453120823591006D1E89 /* ChatCell.swift */ = {isa = PBXFileReference; lastKnownFileType = sourcecode.swift; path = ChatCell.swift; sourceTree = "<group>"; };
		A75E453320823799006D1E89 /* AlertMessage.swift */ = {isa = PBXFileReference; fileEncoding = 4; lastKnownFileType = sourcecode.swift; path = AlertMessage.swift; sourceTree = "<group>"; };
		A75E453520823E8E006D1E89 /* Migration.swift */ = {isa = PBXFileReference; fileEncoding = 4; lastKnownFileType = sourcecode.swift; path = Migration.swift; sourceTree = "<group>"; };
		A75E4537208249B2006D1E89 /* MultipeerManager.swift */ = {isa = PBXFileReference; lastKnownFileType = sourcecode.swift; path = MultipeerManager.swift; sourceTree = "<group>"; };
		A75E453920824E5D006D1E89 /* MessageModel.swift */ = {isa = PBXFileReference; lastKnownFileType = sourcecode.swift; path = MessageModel.swift; sourceTree = "<group>"; };
		A75E453B2082AB31006D1E89 /* MatchModel.swift */ = {isa = PBXFileReference; lastKnownFileType = sourcecode.swift; path = MatchModel.swift; sourceTree = "<group>"; };
		A75E453D2082C0A7006D1E89 /* ClusterModel.swift */ = {isa = PBXFileReference; lastKnownFileType = sourcecode.swift; path = ClusterModel.swift; sourceTree = "<group>"; };
		A75E453F2082C35E006D1E89 /* MetroModel.swift */ = {isa = PBXFileReference; lastKnownFileType = sourcecode.swift; path = MetroModel.swift; sourceTree = "<group>"; };
		A7D021FF208134B0007BE872 /* FIFA2018.app */ = {isa = PBXFileReference; explicitFileType = wrapper.application; includeInIndex = 0; path = FIFA2018.app; sourceTree = BUILT_PRODUCTS_DIR; };
		A7D02202208134B0007BE872 /* AppDelegate.swift */ = {isa = PBXFileReference; lastKnownFileType = sourcecode.swift; path = AppDelegate.swift; sourceTree = "<group>"; };
		A7D02204208134B0007BE872 /* SOSVC.swift */ = {isa = PBXFileReference; lastKnownFileType = sourcecode.swift; path = SOSVC.swift; sourceTree = "<group>"; };
		A7D02207208134B0007BE872 /* Base */ = {isa = PBXFileReference; lastKnownFileType = file.storyboard; name = Base; path = Base.lproj/Main.storyboard; sourceTree = "<group>"; };
		A7D02209208134B0007BE872 /* Assets.xcassets */ = {isa = PBXFileReference; lastKnownFileType = folder.assetcatalog; path = Assets.xcassets; sourceTree = "<group>"; };
		A7D0220C208134B0007BE872 /* Base */ = {isa = PBXFileReference; lastKnownFileType = file.storyboard; name = Base; path = Base.lproj/LaunchScreen.storyboard; sourceTree = "<group>"; };
		A7D0220E208134B0007BE872 /* Info.plist */ = {isa = PBXFileReference; lastKnownFileType = text.plist.xml; path = Info.plist; sourceTree = "<group>"; };
		A7D02215208137AD007BE872 /* AVFoundation.framework */ = {isa = PBXFileReference; lastKnownFileType = wrapper.framework; name = AVFoundation.framework; path = System/Library/Frameworks/AVFoundation.framework; sourceTree = SDKROOT; };
		A7D0221720813D27007BE872 /* CoreLocation.framework */ = {isa = PBXFileReference; lastKnownFileType = wrapper.framework; name = CoreLocation.framework; path = System/Library/Frameworks/CoreLocation.framework; sourceTree = SDKROOT; };
		A7D0221920813D93007BE872 /* MapVC.swift */ = {isa = PBXFileReference; lastKnownFileType = sourcecode.swift; path = MapVC.swift; sourceTree = "<group>"; };
		A7D0221B20814337007BE872 /* CameraController.swift */ = {isa = PBXFileReference; lastKnownFileType = sourcecode.swift; path = CameraController.swift; sourceTree = "<group>"; };
		A7E88BA62081DB240044A24B /* GeoLocation.swift */ = {isa = PBXFileReference; fileEncoding = 4; lastKnownFileType = sourcecode.swift; path = GeoLocation.swift; sourceTree = "<group>"; };
		A7E88BA82081E8AE0044A24B /* sector_c.gpx */ = {isa = PBXFileReference; lastKnownFileType = text.xml; path = sector_c.gpx; sourceTree = "<group>"; };
		A7E88BA92081EA1B0044A24B /* SelectSectorVC.swift */ = {isa = PBXFileReference; lastKnownFileType = sourcecode.swift; path = SelectSectorVC.swift; sourceTree = "<group>"; };
		F3344D2783033ABF5B37F23E /* Pods-FIFA2018.debug.xcconfig */ = {isa = PBXFileReference; includeInIndex = 1; lastKnownFileType = text.xcconfig; name = "Pods-FIFA2018.debug.xcconfig"; path = "Pods/Target Support Files/Pods-FIFA2018/Pods-FIFA2018.debug.xcconfig"; sourceTree = "<group>"; };
/* End PBXFileReference section */

/* Begin PBXFrameworksBuildPhase section */
		A7D021FC208134B0007BE872 /* Frameworks */ = {
			isa = PBXFrameworksBuildPhase;
			buildActionMask = 2147483647;
			files = (
				A7D0221820813D27007BE872 /* CoreLocation.framework in Frameworks */,
				A7D02216208137AD007BE872 /* AVFoundation.framework in Frameworks */,
				74A2812DC688F698299E1D4E /* Pods_FIFA2018.framework in Frameworks */,
			);
			runOnlyForDeploymentPostprocessing = 0;
		};
/* End PBXFrameworksBuildPhase section */

/* Begin PBXGroup section */
		2BC09B95010B8BB6AD90B95C /* Pods */ = {
			isa = PBXGroup;
			children = (
				F3344D2783033ABF5B37F23E /* Pods-FIFA2018.debug.xcconfig */,
				1D7CB7DE71562436D0B2874A /* Pods-FIFA2018.release.xcconfig */,
			);
			name = Pods;
			sourceTree = "<group>";
		};
		A7D021F6208134B0007BE872 = {
			isa = PBXGroup;
			children = (
				A7D02201208134B0007BE872 /* FIFA2018 */,
				A7D02200208134B0007BE872 /* Products */,
				A7D02214208137AD007BE872 /* Frameworks */,
				2BC09B95010B8BB6AD90B95C /* Pods */,
			);
			sourceTree = "<group>";
		};
		A7D02200208134B0007BE872 /* Products */ = {
			isa = PBXGroup;
			children = (
				A7D021FF208134B0007BE872 /* FIFA2018.app */,
			);
			name = Products;
			sourceTree = "<group>";
		};
		A7D02201208134B0007BE872 /* FIFA2018 */ = {
			isa = PBXGroup;
			children = (
				A75E45212082183E006D1E89 /* ChatRoom.swift */,
				A75E45222082183F006D1E89 /* LocalChatPeer.swift */,
				A7D02202208134B0007BE872 /* AppDelegate.swift */,
				A7D02204208134B0007BE872 /* SOSVC.swift */,
				A7E88BA92081EA1B0044A24B /* SelectSectorVC.swift */,
				A75E451F20820971006D1E89 /* Recheability.swift */,
				A7E88BA82081E8AE0044A24B /* sector_c.gpx */,
				A7D0221920813D93007BE872 /* MapVC.swift */,
				A7D0221B20814337007BE872 /* CameraController.swift */,
				A7E88BA62081DB240044A24B /* GeoLocation.swift */,
				A75E452520822466006D1E89 /* LoadVC.swift */,
				A75E4527208225EA006D1E89 /* PickerVC.swift */,
				A75E45292082262E006D1E89 /* CountryCell.swift */,
				A75E452B208226EF006D1E89 /* UserCache.swift */,
				A75E452F20822F9E006D1E89 /* ChatVC.swift */,
				A75E453120823591006D1E89 /* ChatCell.swift */,
				A75E452D20822ED7006D1E89 /* StatisticVC.swift */,
				A75E4537208249B2006D1E89 /* MultipeerManager.swift */,
				A7D02206208134B0007BE872 /* Main.storyboard */,
				A75E453320823799006D1E89 /* AlertMessage.swift */,
				A75E453520823E8E006D1E89 /* Migration.swift */,
				A75E453920824E5D006D1E89 /* MessageModel.swift */,
				A75E453B2082AB31006D1E89 /* MatchModel.swift */,
				A75E453D2082C0A7006D1E89 /* ClusterModel.swift */,
				A75E453F2082C35E006D1E89 /* MetroModel.swift */,
				A7D02209208134B0007BE872 /* Assets.xcassets */,
				A7D0220B208134B0007BE872 /* LaunchScreen.storyboard */,
				A7D0220E208134B0007BE872 /* Info.plist */,
			);
			path = FIFA2018;
			sourceTree = "<group>";
		};
		A7D02214208137AD007BE872 /* Frameworks */ = {
			isa = PBXGroup;
			children = (
				A7D0221720813D27007BE872 /* CoreLocation.framework */,
				A7D02215208137AD007BE872 /* AVFoundation.framework */,
				7D68598C6D383D651AD9AF8D /* Pods_FIFA2018.framework */,
			);
			name = Frameworks;
			sourceTree = "<group>";
		};
/* End PBXGroup section */

/* Begin PBXNativeTarget section */
		A7D021FE208134B0007BE872 /* FIFA2018 */ = {
			isa = PBXNativeTarget;
			buildConfigurationList = A7D02211208134B0007BE872 /* Build configuration list for PBXNativeTarget "FIFA2018" */;
			buildPhases = (
				274FF464B800278D986B2E54 /* [CP] Check Pods Manifest.lock */,
				A7D021FB208134B0007BE872 /* Sources */,
				A7D021FC208134B0007BE872 /* Frameworks */,
				A7D021FD208134B0007BE872 /* Resources */,
				00EE7E7E9163954E055BA827 /* [CP] Embed Pods Frameworks */,
			);
			buildRules = (
			);
			dependencies = (
			);
			name = FIFA2018;
			productName = FIFA2018;
			productReference = A7D021FF208134B0007BE872 /* FIFA2018.app */;
			productType = "com.apple.product-type.application";
		};
/* End PBXNativeTarget section */

/* Begin PBXProject section */
		A7D021F7208134B0007BE872 /* Project object */ = {
			isa = PBXProject;
			attributes = {
				LastSwiftUpdateCheck = 0920;
				LastUpgradeCheck = 0920;
				ORGANIZATIONNAME = "Mikhail Lutskii";
				TargetAttributes = {
					A7D021FE208134B0007BE872 = {
						CreatedOnToolsVersion = 9.2;
						ProvisioningStyle = Automatic;
						SystemCapabilities = {
							com.apple.BackgroundModes = {
								enabled = 1;
							};
						};
					};
				};
			};
			buildConfigurationList = A7D021FA208134B0007BE872 /* Build configuration list for PBXProject "FIFA2018" */;
			compatibilityVersion = "Xcode 8.0";
			developmentRegion = en;
			hasScannedForEncodings = 0;
			knownRegions = (
				en,
				Base,
			);
			mainGroup = A7D021F6208134B0007BE872;
			productRefGroup = A7D02200208134B0007BE872 /* Products */;
			projectDirPath = "";
			projectRoot = "";
			targets = (
				A7D021FE208134B0007BE872 /* FIFA2018 */,
			);
		};
/* End PBXProject section */

/* Begin PBXResourcesBuildPhase section */
		A7D021FD208134B0007BE872 /* Resources */ = {
			isa = PBXResourcesBuildPhase;
			buildActionMask = 2147483647;
			files = (
				A7D0220D208134B0007BE872 /* LaunchScreen.storyboard in Resources */,
				A7D0220A208134B0007BE872 /* Assets.xcassets in Resources */,
				A7D02208208134B0007BE872 /* Main.storyboard in Resources */,
			);
			runOnlyForDeploymentPostprocessing = 0;
		};
/* End PBXResourcesBuildPhase section */

/* Begin PBXShellScriptBuildPhase section */
		00EE7E7E9163954E055BA827 /* [CP] Embed Pods Frameworks */ = {
			isa = PBXShellScriptBuildPhase;
			buildActionMask = 2147483647;
			files = (
			);
			inputPaths = (
				"${SRCROOT}/Pods/Target Support Files/Pods-FIFA2018/Pods-FIFA2018-frameworks.sh",
				"${BUILT_PRODUCTS_DIR}/Alamofire/Alamofire.framework",
				"${BUILT_PRODUCTS_DIR}/AlamofireObjectMapper/AlamofireObjectMapper.framework",
				"${BUILT_PRODUCTS_DIR}/CocoaAsyncSocket/CocoaAsyncSocket.framework",
				"${PODS_ROOT}/HEREMapsStarter/framework/NMAKit.framework",
				"${BUILT_PRODUCTS_DIR}/MBProgressHUD/MBProgressHUD.framework",
				"${BUILT_PRODUCTS_DIR}/ObjectMapper/ObjectMapper.framework",
				"${BUILT_PRODUCTS_DIR}/ObjectMapper+Realm/ObjectMapper_Realm.framework",
				"${BUILT_PRODUCTS_DIR}/Realm/Realm.framework",
				"${BUILT_PRODUCTS_DIR}/RealmSwift/RealmSwift.framework",
				"${BUILT_PRODUCTS_DIR}/SDWebImage/SDWebImage.framework",
				"${BUILT_PRODUCTS_DIR}/SocketRocket/SocketRocket.framework",
				"${BUILT_PRODUCTS_DIR}/sReto/sReto.framework",
			);
			name = "[CP] Embed Pods Frameworks";
			outputPaths = (
				"${TARGET_BUILD_DIR}/${FRAMEWORKS_FOLDER_PATH}/Alamofire.framework",
				"${TARGET_BUILD_DIR}/${FRAMEWORKS_FOLDER_PATH}/AlamofireObjectMapper.framework",
				"${TARGET_BUILD_DIR}/${FRAMEWORKS_FOLDER_PATH}/CocoaAsyncSocket.framework",
				"${TARGET_BUILD_DIR}/${FRAMEWORKS_FOLDER_PATH}/NMAKit.framework",
				"${TARGET_BUILD_DIR}/${FRAMEWORKS_FOLDER_PATH}/MBProgressHUD.framework",
				"${TARGET_BUILD_DIR}/${FRAMEWORKS_FOLDER_PATH}/ObjectMapper.framework",
				"${TARGET_BUILD_DIR}/${FRAMEWORKS_FOLDER_PATH}/ObjectMapper_Realm.framework",
				"${TARGET_BUILD_DIR}/${FRAMEWORKS_FOLDER_PATH}/Realm.framework",
				"${TARGET_BUILD_DIR}/${FRAMEWORKS_FOLDER_PATH}/RealmSwift.framework",
				"${TARGET_BUILD_DIR}/${FRAMEWORKS_FOLDER_PATH}/SDWebImage.framework",
				"${TARGET_BUILD_DIR}/${FRAMEWORKS_FOLDER_PATH}/SocketRocket.framework",
				"${TARGET_BUILD_DIR}/${FRAMEWORKS_FOLDER_PATH}/sReto.framework",
			);
			runOnlyForDeploymentPostprocessing = 0;
			shellPath = /bin/sh;
			shellScript = "\"${SRCROOT}/Pods/Target Support Files/Pods-FIFA2018/Pods-FIFA2018-frameworks.sh\"\n";
			showEnvVarsInLog = 0;
		};
		274FF464B800278D986B2E54 /* [CP] Check Pods Manifest.lock */ = {
			isa = PBXShellScriptBuildPhase;
			buildActionMask = 2147483647;
			files = (
			);
			inputPaths = (
				"${PODS_PODFILE_DIR_PATH}/Podfile.lock",
				"${PODS_ROOT}/Manifest.lock",
			);
			name = "[CP] Check Pods Manifest.lock";
			outputPaths = (
				"$(DERIVED_FILE_DIR)/Pods-FIFA2018-checkManifestLockResult.txt",
			);
			runOnlyForDeploymentPostprocessing = 0;
			shellPath = /bin/sh;
			shellScript = "diff \"${PODS_PODFILE_DIR_PATH}/Podfile.lock\" \"${PODS_ROOT}/Manifest.lock\" > /dev/null\nif [ $? != 0 ] ; then\n    # print error to STDERR\n    echo \"error: The sandbox is not in sync with the Podfile.lock. Run 'pod install' or update your CocoaPods installation.\" >&2\n    exit 1\nfi\n# This output is used by Xcode 'outputs' to avoid re-running this script phase.\necho \"SUCCESS\" > \"${SCRIPT_OUTPUT_FILE_0}\"\n";
			showEnvVarsInLog = 0;
		};
/* End PBXShellScriptBuildPhase section */

/* Begin PBXSourcesBuildPhase section */
		A7D021FB208134B0007BE872 /* Sources */ = {
			isa = PBXSourcesBuildPhase;
			buildActionMask = 2147483647;
			files = (
				A7D02205208134B0007BE872 /* SOSVC.swift in Sources */,
				A75E45402082C35E006D1E89 /* MetroModel.swift in Sources */,
				A75E453C2082AB31006D1E89 /* MatchModel.swift in Sources */,
				A7E88BA72081DB240044A24B /* GeoLocation.swift in Sources */,
				A75E453420823799006D1E89 /* AlertMessage.swift in Sources */,
				A75E452620822466006D1E89 /* LoadVC.swift in Sources */,
				A75E452020820971006D1E89 /* Recheability.swift in Sources */,
				A7E88BAA2081EA1B0044A24B /* SelectSectorVC.swift in Sources */,
				A75E45242082183F006D1E89 /* LocalChatPeer.swift in Sources */,
				A7D0221A20813D93007BE872 /* MapVC.swift in Sources */,
				A75E453620823E8F006D1E89 /* Migration.swift in Sources */,
				A7D0221C20814337007BE872 /* CameraController.swift in Sources */,
				A75E452A2082262E006D1E89 /* CountryCell.swift in Sources */,
				A75E4538208249B2006D1E89 /* MultipeerManager.swift in Sources */,
				A75E453220823591006D1E89 /* ChatCell.swift in Sources */,
				A75E453020822F9E006D1E89 /* ChatVC.swift in Sources */,
				A75E452E20822ED7006D1E89 /* StatisticVC.swift in Sources */,
				A75E453E2082C0A7006D1E89 /* ClusterModel.swift in Sources */,
				A75E453A20824E5D006D1E89 /* MessageModel.swift in Sources */,
				A75E4528208225EA006D1E89 /* PickerVC.swift in Sources */,
				A75E45232082183F006D1E89 /* ChatRoom.swift in Sources */,
				A7D02203208134B0007BE872 /* AppDelegate.swift in Sources */,
				A75E452C208226EF006D1E89 /* UserCache.swift in Sources */,
			);
			runOnlyForDeploymentPostprocessing = 0;
		};
/* End PBXSourcesBuildPhase section */

/* Begin PBXVariantGroup section */
		A7D02206208134B0007BE872 /* Main.storyboard */ = {
			isa = PBXVariantGroup;
			children = (
				A7D02207208134B0007BE872 /* Base */,
			);
			name = Main.storyboard;
			sourceTree = "<group>";
		};
		A7D0220B208134B0007BE872 /* LaunchScreen.storyboard */ = {
			isa = PBXVariantGroup;
			children = (
				A7D0220C208134B0007BE872 /* Base */,
			);
			name = LaunchScreen.storyboard;
			sourceTree = "<group>";
		};
/* End PBXVariantGroup section */

/* Begin XCBuildConfiguration section */
		A7D0220F208134B0007BE872 /* Debug */ = {
			isa = XCBuildConfiguration;
			buildSettings = {
				ALWAYS_SEARCH_USER_PATHS = NO;
				CLANG_ANALYZER_NONNULL = YES;
				CLANG_ANALYZER_NUMBER_OBJECT_CONVERSION = YES_AGGRESSIVE;
				CLANG_CXX_LANGUAGE_STANDARD = "gnu++14";
				CLANG_CXX_LIBRARY = "libc++";
				CLANG_ENABLE_MODULES = YES;
				CLANG_ENABLE_OBJC_ARC = YES;
				CLANG_WARN_BLOCK_CAPTURE_AUTORELEASING = YES;
				CLANG_WARN_BOOL_CONVERSION = YES;
				CLANG_WARN_COMMA = YES;
				CLANG_WARN_CONSTANT_CONVERSION = YES;
				CLANG_WARN_DIRECT_OBJC_ISA_USAGE = YES_ERROR;
				CLANG_WARN_DOCUMENTATION_COMMENTS = YES;
				CLANG_WARN_EMPTY_BODY = YES;
				CLANG_WARN_ENUM_CONVERSION = YES;
				CLANG_WARN_INFINITE_RECURSION = YES;
				CLANG_WARN_INT_CONVERSION = YES;
				CLANG_WARN_NON_LITERAL_NULL_CONVERSION = YES;
				CLANG_WARN_OBJC_LITERAL_CONVERSION = YES;
				CLANG_WARN_OBJC_ROOT_CLASS = YES_ERROR;
				CLANG_WARN_RANGE_LOOP_ANALYSIS = YES;
				CLANG_WARN_STRICT_PROTOTYPES = YES;
				CLANG_WARN_SUSPICIOUS_MOVE = YES;
				CLANG_WARN_UNGUARDED_AVAILABILITY = YES_AGGRESSIVE;
				CLANG_WARN_UNREACHABLE_CODE = YES;
				CLANG_WARN__DUPLICATE_METHOD_MATCH = YES;
				CODE_SIGN_IDENTITY = "iPhone Developer";
				COPY_PHASE_STRIP = NO;
				DEBUG_INFORMATION_FORMAT = dwarf;
				ENABLE_STRICT_OBJC_MSGSEND = YES;
				ENABLE_TESTABILITY = YES;
				GCC_C_LANGUAGE_STANDARD = gnu11;
				GCC_DYNAMIC_NO_PIC = NO;
				GCC_NO_COMMON_BLOCKS = YES;
				GCC_OPTIMIZATION_LEVEL = 0;
				GCC_PREPROCESSOR_DEFINITIONS = (
					"DEBUG=1",
					"$(inherited)",
				);
				GCC_WARN_64_TO_32_BIT_CONVERSION = YES;
				GCC_WARN_ABOUT_RETURN_TYPE = YES_ERROR;
				GCC_WARN_UNDECLARED_SELECTOR = YES;
				GCC_WARN_UNINITIALIZED_AUTOS = YES_AGGRESSIVE;
				GCC_WARN_UNUSED_FUNCTION = YES;
				GCC_WARN_UNUSED_VARIABLE = YES;
				IPHONEOS_DEPLOYMENT_TARGET = 11.2;
				MTL_ENABLE_DEBUG_INFO = YES;
				ONLY_ACTIVE_ARCH = YES;
				SDKROOT = iphoneos;
				SWIFT_ACTIVE_COMPILATION_CONDITIONS = DEBUG;
				SWIFT_OPTIMIZATION_LEVEL = "-Onone";
			};
			name = Debug;
		};
		A7D02210208134B0007BE872 /* Release */ = {
			isa = XCBuildConfiguration;
			buildSettings = {
				ALWAYS_SEARCH_USER_PATHS = NO;
				CLANG_ANALYZER_NONNULL = YES;
				CLANG_ANALYZER_NUMBER_OBJECT_CONVERSION = YES_AGGRESSIVE;
				CLANG_CXX_LANGUAGE_STANDARD = "gnu++14";
				CLANG_CXX_LIBRARY = "libc++";
				CLANG_ENABLE_MODULES = YES;
				CLANG_ENABLE_OBJC_ARC = YES;
				CLANG_WARN_BLOCK_CAPTURE_AUTORELEASING = YES;
				CLANG_WARN_BOOL_CONVERSION = YES;
				CLANG_WARN_COMMA = YES;
				CLANG_WARN_CONSTANT_CONVERSION = YES;
				CLANG_WARN_DIRECT_OBJC_ISA_USAGE = YES_ERROR;
				CLANG_WARN_DOCUMENTATION_COMMENTS = YES;
				CLANG_WARN_EMPTY_BODY = YES;
				CLANG_WARN_ENUM_CONVERSION = YES;
				CLANG_WARN_INFINITE_RECURSION = YES;
				CLANG_WARN_INT_CONVERSION = YES;
				CLANG_WARN_NON_LITERAL_NULL_CONVERSION = YES;
				CLANG_WARN_OBJC_LITERAL_CONVERSION = YES;
				CLANG_WARN_OBJC_ROOT_CLASS = YES_ERROR;
				CLANG_WARN_RANGE_LOOP_ANALYSIS = YES;
				CLANG_WARN_STRICT_PROTOTYPES = YES;
				CLANG_WARN_SUSPICIOUS_MOVE = YES;
				CLANG_WARN_UNGUARDED_AVAILABILITY = YES_AGGRESSIVE;
				CLANG_WARN_UNREACHABLE_CODE = YES;
				CLANG_WARN__DUPLICATE_METHOD_MATCH = YES;
				CODE_SIGN_IDENTITY = "iPhone Developer";
				COPY_PHASE_STRIP = NO;
				DEBUG_INFORMATION_FORMAT = "dwarf-with-dsym";
				ENABLE_NS_ASSERTIONS = NO;
				ENABLE_STRICT_OBJC_MSGSEND = YES;
				GCC_C_LANGUAGE_STANDARD = gnu11;
				GCC_NO_COMMON_BLOCKS = YES;
				GCC_WARN_64_TO_32_BIT_CONVERSION = YES;
				GCC_WARN_ABOUT_RETURN_TYPE = YES_ERROR;
				GCC_WARN_UNDECLARED_SELECTOR = YES;
				GCC_WARN_UNINITIALIZED_AUTOS = YES_AGGRESSIVE;
				GCC_WARN_UNUSED_FUNCTION = YES;
				GCC_WARN_UNUSED_VARIABLE = YES;
				IPHONEOS_DEPLOYMENT_TARGET = 11.2;
				MTL_ENABLE_DEBUG_INFO = NO;
				SDKROOT = iphoneos;
				SWIFT_OPTIMIZATION_LEVEL = "-Owholemodule";
				VALIDATE_PRODUCT = YES;
			};
			name = Release;
		};
		A7D02212208134B0007BE872 /* Debug */ = {
			isa = XCBuildConfiguration;
			baseConfigurationReference = F3344D2783033ABF5B37F23E /* Pods-FIFA2018.debug.xcconfig */;
			buildSettings = {
				ASSETCATALOG_COMPILER_APPICON_NAME = AppIcon;
				CODE_SIGN_STYLE = Automatic;
				DEVELOPMENT_TEAM = 8YBKQD6YZD;
				INFOPLIST_FILE = FIFA2018/Info.plist;
				LD_RUNPATH_SEARCH_PATHS = "$(inherited) @executable_path/Frameworks";
				PRODUCT_BUNDLE_IDENTIFIER = ru.mikhaillutskii.FIFA2018;
				PRODUCT_NAME = "$(TARGET_NAME)";
				SWIFT_VERSION = 4.0;
				TARGETED_DEVICE_FAMILY = "1,2";
			};
			name = Debug;
		};
		A7D02213208134B0007BE872 /* Release */ = {
			isa = XCBuildConfiguration;
			baseConfigurationReference = 1D7CB7DE71562436D0B2874A /* Pods-FIFA2018.release.xcconfig */;
			buildSettings = {
				ASSETCATALOG_COMPILER_APPICON_NAME = AppIcon;
				CODE_SIGN_STYLE = Automatic;
				DEVELOPMENT_TEAM = 8YBKQD6YZD;
				INFOPLIST_FILE = FIFA2018/Info.plist;
				LD_RUNPATH_SEARCH_PATHS = "$(inherited) @executable_path/Frameworks";
				PRODUCT_BUNDLE_IDENTIFIER = ru.mikhaillutskii.FIFA2018;
				PRODUCT_NAME = "$(TARGET_NAME)";
				SWIFT_VERSION = 4.0;
				TARGETED_DEVICE_FAMILY = "1,2";
			};
			name = Release;
		};
/* End XCBuildConfiguration section */

/* Begin XCConfigurationList section */
		A7D021FA208134B0007BE872 /* Build configuration list for PBXProject "FIFA2018" */ = {
			isa = XCConfigurationList;
			buildConfigurations = (
				A7D0220F208134B0007BE872 /* Debug */,
				A7D02210208134B0007BE872 /* Release */,
			);
			defaultConfigurationIsVisible = 0;
			defaultConfigurationName = Release;
		};
		A7D02211208134B0007BE872 /* Build configuration list for PBXNativeTarget "FIFA2018" */ = {
			isa = XCConfigurationList;
			buildConfigurations = (
				A7D02212208134B0007BE872 /* Debug */,
				A7D02213208134B0007BE872 /* Release */,
			);
			defaultConfigurationIsVisible = 0;
			defaultConfigurationName = Release;
		};
/* End XCConfigurationList section */
	};
	rootObject = A7D021F7208134B0007BE872 /* Project object */;
}
